
Microsoft Visual Studio Solution File, Format Version 12.00
# Visual Studio 15
VisualStudioVersion = 15.0.27703.2042
MinimumVisualStudioVersion = 10.0.40219.1
Project("{8BC9CEB8-8B4A-11D0-8D11-00A0C91BC942}") = "itstephomeworks_project", "itstephomeworks_project\itstephomeworks_project.vcxproj", "{16827A14-5496-46E8-B489-EE713953BA0E}"
EndProject
Global
	GlobalSection(SolutionConfigurationPlatforms) = preSolution
		Debug|x64 = Debug|x64
		Debug|x86 = Debug|x86
		Release|x64 = Release|x64
		Release|x86 = Release|x86
	EndGlobalSection
	GlobalSection(ProjectConfigurationPlatforms) = postSolution
		{16827A14-5496-46E8-B489-EE713953BA0E}.Debug|x64.ActiveCfg = Debug|x64
		{16827A14-5496-46E8-B489-EE713953BA0E}.Debug|x64.Build.0 = Debug|x64
		{16827A14-5496-46E8-B489-EE713953BA0E}.Debug|x86.ActiveCfg = Debug|Win32
		{16827A14-5496-46E8-B489-EE713953BA0E}.Debug|x86.Build.0 = Debug|Win32
		{16827A14-5496-46E8-B489-EE713953BA0E}.Release|x64.ActiveCfg = Release|x64
		{16827A14-5496-46E8-B489-EE713953BA0E}.Release|x64.Build.0 = Release|x64
		{16827A14-5496-46E8-B489-EE713953BA0E}.Release|x86.ActiveCfg = Release|Win32
		{16827A14-5496-46E8-B489-EE713953BA0E}.Release|x86.Build.0 = Release|Win32
	EndGlobalSection
	GlobalSection(SolutionProperties) = preSolution
		HideSolutionNode = FALSE
	EndGlobalSection
	GlobalSection(ExtensibilityGlobals) = postSolution
		SolutionGuid = {06CA59C4-B219-4C03-885F-ED03CFF3B216}
	EndGlobalSection
EndGlobal
